
Microsoft Visual Studio Solution File, Format Version 12.00
# Visual Studio Version 17
VisualStudioVersion = 17.14.36203.30
MinimumVisualStudioVersion = 10.0.40219.1
Project("{FAE04EC0-301F-11D3-BF4B-00C04F79EFBC}") = "CshrpModelToDartModel", "CshrpModelToDartModel\CshrpModelToDartModel.csproj", "{FBAD25A5-FE23-429D-A90C-EB78467201F1}"
EndProject
Project("{FAE04EC0-301F-11D3-BF4B-00C04F79EFBC}") = "CshrpModelToDartModelTests", "CshrpModelToDartModelTests\CshrpModelToDartModelTests.csproj", "{5462B46F-EAF4-4C08-97FE-0E5881691F68}"
EndProject
Global
	GlobalSection(SolutionConfigurationPlatforms) = preSolution
		Debug|Any CPU = Debug|Any CPU
		Release|Any CPU = Release|Any CPU
	EndGlobalSection
	GlobalSection(ProjectConfigurationPlatforms) = postSolution
		{FBAD25A5-FE23-429D-A90C-EB78467201F1}.Debug|Any CPU.ActiveCfg = Debug|Any CPU
		{FBAD25A5-FE23-429D-A90C-EB78467201F1}.Debug|Any CPU.Build.0 = Debug|Any CPU
		{FBAD25A5-FE23-429D-A90C-EB78467201F1}.Release|Any CPU.ActiveCfg = Release|Any CPU
		{FBAD25A5-FE23-429D-A90C-EB78467201F1}.Release|Any CPU.Build.0 = Release|Any CPU
		{5462B46F-EAF4-4C08-97FE-0E5881691F68}.Debug|Any CPU.ActiveCfg = Debug|Any CPU
		{5462B46F-EAF4-4C08-97FE-0E5881691F68}.Debug|Any CPU.Build.0 = Debug|Any CPU
		{5462B46F-EAF4-4C08-97FE-0E5881691F68}.Release|Any CPU.ActiveCfg = Release|Any CPU
		{5462B46F-EAF4-4C08-97FE-0E5881691F68}.Release|Any CPU.Build.0 = Release|Any CPU
	EndGlobalSection
	GlobalSection(SolutionProperties) = preSolution
		HideSolutionNode = FALSE
	EndGlobalSection
	GlobalSection(ExtensibilityGlobals) = postSolution
		SolutionGuid = {B988FF5C-1691-4660-AFC2-8CF7495FAEBF}
	EndGlobalSection
EndGlobal
